
Microsoft Visual Studio Solution File, Format Version 12.00
# Visual Studio Version 17
VisualStudioVersion = 17.10.34928.147
MinimumVisualStudioVersion = 10.0.40219.1
Project("{FAE04EC0-301F-11D3-BF4B-00C04F79EFBC}") = "DropBox Upload", "DropBox Upload\DropBox Upload.csproj", "{8837391C-F8BD-428A-8D36-76FDA1F37AB8}"
EndProject
Global
	GlobalSection(SolutionConfigurationPlatforms) = preSolution
		Debug|Any CPU = Debug|Any CPU
		Release|Any CPU = Release|Any CPU
	EndGlobalSection
	GlobalSection(ProjectConfigurationPlatforms) = postSolution
		{8837391C-F8BD-428A-8D36-76FDA1F37AB8}.Debug|Any CPU.ActiveCfg = Debug|Any CPU
		{8837391C-F8BD-428A-8D36-76FDA1F37AB8}.Debug|Any CPU.Build.0 = Debug|Any CPU
		{8837391C-F8BD-428A-8D36-76FDA1F37AB8}.Release|Any CPU.ActiveCfg = Release|Any CPU
		{8837391C-F8BD-428A-8D36-76FDA1F37AB8}.Release|Any CPU.Build.0 = Release|Any CPU
	EndGlobalSection
	GlobalSection(SolutionProperties) = preSolution
		HideSolutionNode = FALSE
	EndGlobalSection
	GlobalSection(ExtensibilityGlobals) = postSolution
		SolutionGuid = {E0D32568-CD11-42B7-80BE-7835EDEF211E}
	EndGlobalSection
EndGlobal
